{
  "nodes": {
    "nixpkgs": {
      "locked": {
        "lastModified": 1615054102,
        "narHash": "sha256-jMyV+N6WmeGzk94Rs5xjdBdldhjcLcYELvursMHDyqk=",
        "ref": "master",
        "rev": "a621f0105ccea6697d9856c025effc8c2cc0f33b",
        "revCount": 274695,
        "type": "git",
        "url": "https://github.com/nixos/nixpkgs?tag=20.09"
      },
      "original": {
        "type": "git",
        "url": "https://github.com/nixos/nixpkgs?tag=20.09"
      }
    },
    "root": {
      "inputs": {
        "nixpkgs": "nixpkgs"
      }
    }
  },
  "root": "root",
  "version": 7
}
